
Microsoft Visual Studio Solution File, Format Version 12.00
# Visual Studio 15
VisualStudioVersion = 15.0.28307.1267
MinimumVisualStudioVersion = 10.0.40219.1
Project("{8BC9CEB8-8B4A-11D0-8D11-00A0C91BC942}") = "lesson-matrix-multiplication", "lesson-matrix-multiplication\lesson-matrix-multiplication.vcxproj", "{CC4514DD-4236-42B5-A089-1E7AEFAE8089}"
EndProject
Global
	GlobalSection(SolutionConfigurationPlatforms) = preSolution
		Debug|x64 = Debug|x64
		Debug|x86 = Debug|x86
		Release|x64 = Release|x64
		Release|x86 = Release|x86
	EndGlobalSection
	GlobalSection(ProjectConfigurationPlatforms) = postSolution
		{CC4514DD-4236-42B5-A089-1E7AEFAE8089}.Debug|x64.ActiveCfg = Debug|x64
		{CC4514DD-4236-42B5-A089-1E7AEFAE8089}.Debug|x64.Build.0 = Debug|x64
		{CC4514DD-4236-42B5-A089-1E7AEFAE8089}.Debug|x86.ActiveCfg = Debug|Win32
		{CC4514DD-4236-42B5-A089-1E7AEFAE8089}.Debug|x86.Build.0 = Debug|Win32
		{CC4514DD-4236-42B5-A089-1E7AEFAE8089}.Release|x64.ActiveCfg = Release|x64
		{CC4514DD-4236-42B5-A089-1E7AEFAE8089}.Release|x64.Build.0 = Release|x64
		{CC4514DD-4236-42B5-A089-1E7AEFAE8089}.Release|x86.ActiveCfg = Release|Win32
		{CC4514DD-4236-42B5-A089-1E7AEFAE8089}.Release|x86.Build.0 = Release|Win32
	EndGlobalSection
	GlobalSection(SolutionProperties) = preSolution
		HideSolutionNode = FALSE
	EndGlobalSection
	GlobalSection(ExtensibilityGlobals) = postSolution
		SolutionGuid = {CD6E5E90-DDBF-4604-8AAF-B11F325CFDF8}
	EndGlobalSection
EndGlobal
